
Microsoft Visual Studio Solution File, Format Version 12.00
# Visual Studio Version 17
VisualStudioVersion = 17.9.34701.34
MinimumVisualStudioVersion = 10.0.40219.1
Project("{FAE04EC0-301F-11D3-BF4B-00C04F79EFBC}") = "C3_Stewart_Austin_AVL", "C3_Stewart_Austin_AVL\C3_Stewart_Austin_AVL.csproj", "{8B02A119-235B-40CE-981D-A18A7DEB86EC}"
EndProject
Global
	GlobalSection(SolutionConfigurationPlatforms) = preSolution
		Debug|Any CPU = Debug|Any CPU
		Release|Any CPU = Release|Any CPU
	EndGlobalSection
	GlobalSection(ProjectConfigurationPlatforms) = postSolution
		{8B02A119-235B-40CE-981D-A18A7DEB86EC}.Debug|Any CPU.ActiveCfg = Debug|Any CPU
		{8B02A119-235B-40CE-981D-A18A7DEB86EC}.Debug|Any CPU.Build.0 = Debug|Any CPU
		{8B02A119-235B-40CE-981D-A18A7DEB86EC}.Release|Any CPU.ActiveCfg = Release|Any CPU
		{8B02A119-235B-40CE-981D-A18A7DEB86EC}.Release|Any CPU.Build.0 = Release|Any CPU
	EndGlobalSection
	GlobalSection(SolutionProperties) = preSolution
		HideSolutionNode = FALSE
	EndGlobalSection
	GlobalSection(ExtensibilityGlobals) = postSolution
		SolutionGuid = {BA39B6AB-715B-4BCF-A568-E965CA5B5E3A}
	EndGlobalSection
EndGlobal
